# This file is automatically @generated by Cargo.
# It is not intended for manual editing.
[[package]]
name = "aho-corasick"
version = "0.6.10"
source = "registry+https://github.com/rust-lang/crates.io-index"
checksum = "81ce3d38065e618af2d7b77e10c5ad9a069859b4be3c2250f674af3840d9c8a5"
dependencies = [
 "memchr 2.3.3",
]

[[package]]
name = "ansi_term"
version = "0.11.0"
source = "registry+https://github.com/rust-lang/crates.io-index"
checksum = "ee49baf6cb617b853aa8d93bf420db2383fab46d314482ca2803b40d5fde979b"
dependencies = [
 "winapi 0.3.8",
]

[[package]]
name = "aster"
version = "0.38.0"
source = "registry+https://github.com/rust-lang/crates.io-index"
checksum = "2c9b49e42a449c0b79d8acb91db37621de0978064dca7d3288ddcf030123e5b3"
dependencies = [
 "syntex_syntax",
]

[[package]]
name = "atk-sys"
version = "0.3.4"
source = "registry+https://github.com/rust-lang/crates.io-index"
checksum = "d7a9635b2b56a4925bf9c9b14cb7cad91eb2c3ca1eb04671a525b9e729b5c0a2"
dependencies = [
 "bitflags 0.8.2",
 "glib-sys 0.3.4",
 "gobject-sys 0.3.4",
 "libc",
 "pkg-config",
]

[[package]]
name = "atk-sys"
version = "0.4.0"
source = "registry+https://github.com/rust-lang/crates.io-index"
checksum = "c69658a4e18d5c9575f716e24559645d08a4044d6946c30c2e0025952c84d842"
dependencies = [
 "bitflags 0.9.1",
 "glib-sys 0.4.0",
 "gobject-sys 0.4.0",
 "libc",
 "pkg-config",
]

[[package]]
name = "atty"
version = "0.2.14"
source = "registry+https://github.com/rust-lang/crates.io-index"
checksum = "d9b39be18770d11421cdb1b9947a45dd3f37e93092cbf377614828a319d5fee8"
dependencies = [
 "hermit-abi",
 "libc",
 "winapi 0.3.8",
]

[[package]]
name = "autocfg"
version = "0.1.7"
source = "registry+https://github.com/rust-lang/crates.io-index"
checksum = "1d49d90015b3c36167a20fe2810c5cd875ad504b39cff3d4eae7977e6b7c1cb2"

[[package]]
name = "autocfg"
version = "1.0.0"
source = "registry+https://github.com/rust-lang/crates.io-index"
checksum = "f8aac770f1885fd7e387acedd76065302551364496e46b3dd00860b2f8359b9d"

[[package]]
name = "bindgen"
version = "0.22.1"
source = "registry+https://github.com/rust-lang/crates.io-index"
checksum = "88f9d9abd7964621201c558021ff4f39b7b4d571a9a56a88844da9971e2344ce"
dependencies = [
 "aster",
 "cexpr",
 "cfg-if",
 "clang-sys",
 "clap",
 "env_logger",
 "lazy_static 0.2.11",
 "log 0.3.9",
 "quasi",
 "quasi_codegen",
 "regex",
 "rustc-serialize",
 "syntex_syntax",
]

[[package]]
name = "bitflags"
version = "0.5.0"
source = "registry+https://github.com/rust-lang/crates.io-index"
checksum = "4f67931368edf3a9a51d29886d245f1c3db2f1ef0dcc9e35ff70341b78c10d23"

[[package]]
name = "bitflags"
version = "0.7.0"
source = "registry+https://github.com/rust-lang/crates.io-index"
checksum = "aad18937a628ec6abcd26d1489012cc0e18c21798210f491af69ded9b881106d"

[[package]]
name = "bitflags"
version = "0.8.2"
source = "registry+https://github.com/rust-lang/crates.io-index"
checksum = "1370e9fc2a6ae53aea8b7a5110edbd08836ed87c88736dfabccade1c2b44bff4"

[[package]]
name = "bitflags"
version = "0.9.1"
source = "registry+https://github.com/rust-lang/crates.io-index"
checksum = "4efd02e230a02e18f92fc2735f44597385ed02ad8f831e7c1c1156ee5e1ab3a5"

[[package]]
name = "bitflags"
version = "1.2.1"
source = "registry+https://github.com/rust-lang/crates.io-index"
checksum = "cf1de2fe8c75bc145a2f577add951f8134889b4795d47466a54a5c846d691693"

[[package]]
name = "c_vec"
version = "1.2.1"
source = "registry+https://github.com/rust-lang/crates.io-index"
checksum = "6237ac5a4b1e81c213c24c6437964c61e646df910a914b4ab1487b46df20bd13"

[[package]]
name = "cairo-rs"
version = "0.1.3"
source = "registry+https://github.com/rust-lang/crates.io-index"
checksum = "0180a8b65dc13e78479c6a47c4d5f094d64dc34465a9433c6daef9ae2fbfb3ee"
dependencies = [
 "c_vec",
 "cairo-sys-rs 0.3.4",
 "glib",
 "libc",
 "winapi 0.2.8",
]

[[package]]
name = "cairo-sys-rs"
version = "0.3.4"
source = "registry+https://github.com/rust-lang/crates.io-index"
checksum = "a2414b86c20c40dfb56a98b1dbca05bde56411f488d268c4289a86df1b648c61"
dependencies = [
 "libc",
 "pkg-config",
 "winapi 0.2.8",
]

[[package]]
name = "cairo-sys-rs"
version = "0.4.0"
source = "registry+https://github.com/rust-lang/crates.io-index"
checksum = "9e8a1e2a76ac09b959788c2c30a355d693ce6f7f7d7268f6d1dd5d8c3359c521"
dependencies = [
 "libc",
 "pkg-config",
 "winapi 0.2.8",
]

[[package]]
name = "cexpr"
version = "0.2.3"
source = "registry+https://github.com/rust-lang/crates.io-index"
checksum = "42aac45e9567d97474a834efdee3081b3c942b2205be932092f53354ce503d6c"
dependencies = [
 "nom",
]

[[package]]
name = "cfg-if"
version = "0.1.10"
source = "registry+https://github.com/rust-lang/crates.io-index"
checksum = "4785bdd1c96b2a846b2bd7cc02e86b6b3dbf14e7e53446c4f54c92a361040822"

[[package]]
name = "clang-sys"
version = "0.14.1"
source = "registry+https://github.com/rust-lang/crates.io-index"
checksum = "69a2b086676e71489e44920f81e2d12e70addf57b1d99fbae5d7b9f15667e7d8"
dependencies = [
 "bitflags 0.7.0",
 "glob",
 "lazy_static 0.2.11",
 "libc",
 "libloading",
]

[[package]]
name = "clap"
version = "2.33.1"
source = "registry+https://github.com/rust-lang/crates.io-index"
checksum = "bdfa80d47f954d53a35a64987ca1422f495b8d6483c0fe9f7117b36c2a792129"
dependencies = [
 "ansi_term",
 "atty",
 "bitflags 1.2.1",
 "strsim",
 "textwrap",
 "unicode-width",
 "vec_map",
]

[[package]]
name = "cloudabi"
version = "0.0.3"
source = "registry+https://github.com/rust-lang/crates.io-index"
checksum = "ddfc5b9aa5d4507acaf872de71051dfd0e309860e88966e1051e462a077aac4f"
dependencies = [
 "bitflags 1.2.1",
]

[[package]]
name = "dtoa"
version = "0.4.5"
source = "registry+https://github.com/rust-lang/crates.io-index"
checksum = "4358a9e11b9a09cf52383b451b49a169e8d797b68aa02301ff586d70d9661ea3"

[[package]]
name = "env_logger"
version = "0.4.3"
source = "registry+https://github.com/rust-lang/crates.io-index"
checksum = "3ddf21e73e016298f5cb37d6ef8e8da8e39f91f9ec8b0df44b7deb16a9f8cd5b"
dependencies = [
 "log 0.3.9",
 "regex",
]

[[package]]
name = "fuchsia-cprng"
version = "0.1.1"
source = "registry+https://github.com/rust-lang/crates.io-index"
checksum = "a06f77d526c1a601b7c4cdd98f54b5eaabffc14d5f2f0296febdc7f357c6d3ba"

[[package]]
name = "gdk"
version = "0.5.3"
source = "registry+https://github.com/rust-lang/crates.io-index"
checksum = "9f5cc612be763b8a63cee5fb8d444d9869a8690f12c199535329bcba716de5e5"
dependencies = [
 "bitflags 0.5.0",
 "cairo-rs",
 "cairo-sys-rs 0.3.4",
 "gdk-pixbuf",
 "gdk-sys 0.3.4",
 "gio",
 "glib",
 "glib-sys 0.3.4",
 "gobject-sys 0.3.4",
 "libc",
 "pango",
]

[[package]]
name = "gdk-pixbuf"
version = "0.1.3"
source = "registry+https://github.com/rust-lang/crates.io-index"
checksum = "65506bc318d83947c3ee458cec22c35377a941770e0b762e35fbb491e91d012f"
dependencies = [
 "gdk-pixbuf-sys 0.3.4",
 "glib",
 "libc",
]

[[package]]
name = "gdk-pixbuf-sys"
version = "0.3.4"
source = "registry+https://github.com/rust-lang/crates.io-index"
checksum = "ff3c977528255ba4f1dfaecfb697c630996c4f5a6a3b1fbc08ff7bdeb3f754c3"
dependencies = [
 "bitflags 0.8.2",
 "gio-sys 0.3.4",
 "glib-sys 0.3.4",
 "gobject-sys 0.3.4",
 "libc",
 "pkg-config",
]

[[package]]
name = "gdk-pixbuf-sys"
version = "0.4.0"
source = "registry+https://github.com/rust-lang/crates.io-index"
checksum = "85eb441420653b33e5a29d13227ea34995383e65bf4f33b16492ec95e44a8996"
dependencies = [
 "bitflags 0.9.1",
 "gio-sys 0.4.0",
 "glib-sys 0.4.0",
 "gobject-sys 0.4.0",
 "libc",
 "pkg-config",
]

[[package]]
name = "gdk-sys"
version = "0.3.4"
source = "registry+https://github.com/rust-lang/crates.io-index"
checksum = "c11dcde28f6ddf0bc6a93cec5205aafb034c318d99147a9668d455d66e5ba749"
dependencies = [
 "bitflags 0.8.2",
 "cairo-sys-rs 0.3.4",
 "gdk-pixbuf-sys 0.3.4",
 "gio-sys 0.3.4",
 "glib-sys 0.3.4",
 "gobject-sys 0.3.4",
 "libc",
 "pango-sys 0.3.4",
 "pkg-config",
]

[[package]]
name = "gdk-sys"
version = "0.4.0"
source = "registry+https://github.com/rust-lang/crates.io-index"
checksum = "679d86da2a4522a623e3ce4b67f2126a12e057a1f7269eee7028199f78b5a854"
dependencies = [
 "bitflags 0.9.1",
 "cairo-sys-rs 0.4.0",
 "gdk-pixbuf-sys 0.4.0",
 "gio-sys 0.4.0",
 "glib-sys 0.4.0",
 "gobject-sys 0.4.0",
 "libc",
 "pango-sys 0.4.0",
 "pkg-config",
]

[[package]]
name = "gio"
version = "0.1.3"
source = "registry+https://github.com/rust-lang/crates.io-index"
checksum = "1b5f3ca1ee702ff9f5fea73ebb33ad8d007f2e77b8179d90689c919ef328da32"
dependencies = [
 "bitflags 0.5.0",
 "gio-sys 0.3.4",
 "glib",
 "glib-sys 0.3.4",
 "gobject-sys 0.3.4",
 "libc",
]

[[package]]
name = "gio-sys"
version = "0.3.4"
source = "registry+https://github.com/rust-lang/crates.io-index"
checksum = "963cf38f6575843b98fe7d39d426c4c0025b6f965a9a8b8c0165aface866400a"
dependencies = [
 "bitflags 0.8.2",
 "glib-sys 0.3.4",
 "gobject-sys 0.3.4",
 "libc",
 "pkg-config",
]

[[package]]
name = "gio-sys"
version = "0.4.0"
source = "registry+https://github.com/rust-lang/crates.io-index"
checksum = "189969f8189604c371d42b613d928c9d17fcfbf6e175d6b0ce9475a950f76dc6"
dependencies = [
 "bitflags 0.9.1",
 "glib-sys 0.4.0",
 "gobject-sys 0.4.0",
 "libc",
 "pkg-config",
]

[[package]]
name = "glib"
version = "0.1.3"
source = "registry+https://github.com/rust-lang/crates.io-index"
checksum = "81f514a8abd315ede0e94e39ce5987fdb99191c5f812e5066bc5bdb965104fc4"
dependencies = [
 "bitflags 0.5.0",
 "glib-sys 0.3.4",
 "gobject-sys 0.3.4",
 "lazy_static 0.2.11",
 "libc",
]

[[package]]
name = "glib-sys"
version = "0.3.4"
source = "registry+https://github.com/rust-lang/crates.io-index"
checksum = "8826cbc94631507bdd91ee40f7e099bfaa3cc4f43c086b4d1c15cff5b4e8220b"
dependencies = [
 "bitflags 0.8.2",
 "libc",
 "pkg-config",
]

[[package]]
name = "glib-sys"
version = "0.4.0"
source = "registry+https://github.com/rust-lang/crates.io-index"
checksum = "cdd7d911c5dc610aabe37caae7d3b9d2cfe6d8f4c85ff4c062f3d6f490e75067"
dependencies = [
 "bitflags 0.9.1",
 "libc",
 "pkg-config",
]

[[package]]
name = "glob"
version = "0.2.11"
source = "registry+https://github.com/rust-lang/crates.io-index"
checksum = "8be18de09a56b60ed0edf84bc9df007e30040691af7acd1c41874faac5895bfb"

[[package]]
name = "gobject-sys"
version = "0.3.4"
source = "registry+https://github.com/rust-lang/crates.io-index"
checksum = "87373f64e136e9ea192ff5d3ef676a51e9ac6ab06b629223a081e0523c5f04e2"
dependencies = [
 "bitflags 0.8.2",
 "glib-sys 0.3.4",
 "libc",
 "pkg-config",
]

[[package]]
name = "gobject-sys"
version = "0.4.0"
source = "registry+https://github.com/rust-lang/crates.io-index"
checksum = "edc95561e538381576425264a4ddd08c65d5da218f10b2a47b4479dd147775da"
dependencies = [
 "bitflags 0.9.1",
 "glib-sys 0.4.0",
 "libc",
 "pkg-config",
]

[[package]]
name = "gtk"
version = "0.1.3"
source = "registry+https://github.com/rust-lang/crates.io-index"
checksum = "78d69fb7425fd6efba3b0c99f952b130fa4a0fdfdffbceb2b40ba018b2ed6a77"
dependencies = [
 "bitflags 0.5.0",
 "cairo-rs",
 "cairo-sys-rs 0.3.4",
 "gdk",
 "gdk-pixbuf",
 "gdk-pixbuf-sys 0.3.4",
 "gdk-sys 0.3.4",
 "gio",
 "gio-sys 0.3.4",
 "glib",
 "glib-sys 0.3.4",
 "gobject-sys 0.3.4",
 "gtk-sys 0.3.4",
 "libc",
 "pango",
]

[[package]]
name = "gtk-sys"
version = "0.3.4"
source = "registry+https://github.com/rust-lang/crates.io-index"
checksum = "9391d0b50af734dbd54582d1836d0346d8daf6dc5e7f272afea96f4dcaf50b74"
dependencies = [
 "atk-sys 0.3.4",
 "bitflags 0.8.2",
 "cairo-sys-rs 0.3.4",
 "gdk-pixbuf-sys 0.3.4",
 "gdk-sys 0.3.4",
 "gio-sys 0.3.4",
 "glib-sys 0.3.4",
 "gobject-sys 0.3.4",
 "libc",
 "pango-sys 0.3.4",
 "pkg-config",
]

[[package]]
name = "gtk-sys"
version = "0.4.0"
source = "registry+https://github.com/rust-lang/crates.io-index"
checksum = "854b56ce6d6b05945f7735651482835c5ac1f8582142ce67306726259a3dafb0"
dependencies = [
 "atk-sys 0.4.0",
 "bitflags 0.9.1",
 "cairo-sys-rs 0.4.0",
 "gdk-pixbuf-sys 0.4.0",
 "gdk-sys 0.4.0",
 "gio-sys 0.4.0",
 "glib-sys 0.4.0",
 "gobject-sys 0.4.0",
 "libc",
 "pango-sys 0.4.0",
 "pkg-config",
]

[[package]]
name = "hermit-abi"
version = "0.1.12"
source = "registry+https://github.com/rust-lang/crates.io-index"
checksum = "61565ff7aaace3525556587bd2dc31d4a07071957be715e63ce7b1eccf51a8f4"
dependencies = [
 "libc",
]

[[package]]
name = "itoa"
version = "0.3.4"
source = "registry+https://github.com/rust-lang/crates.io-index"
checksum = "8324a32baf01e2ae060e9de58ed0bc2320c9a2833491ee36cd3b4c414de4db8c"

[[package]]
name = "kernel32-sys"
version = "0.2.2"
source = "registry+https://github.com/rust-lang/crates.io-index"
checksum = "7507624b29483431c0ba2d82aece8ca6cdba9382bff4ddd0f7490560c056098d"
dependencies = [
 "winapi 0.2.8",
 "winapi-build",
]

[[package]]
name = "lazy_static"
version = "0.2.11"
source = "registry+https://github.com/rust-lang/crates.io-index"
checksum = "76f033c7ad61445c5b347c7382dd1237847eb1bce590fe50365dcb33d546be73"

[[package]]
name = "lazy_static"
version = "1.4.0"
source = "registry+https://github.com/rust-lang/crates.io-index"
checksum = "e2abad23fbc42b3700f2f279844dc832adb2b2eb069b2df918f455c4e18cc646"

[[package]]
name = "libappindicator"
version = "0.2.0"
source = "registry+https://github.com/rust-lang/crates.io-index"
checksum = "018439f57fc13e833e1a588c7021f7731620ec7d4304ba27f0e15afd77f2bb35"
dependencies = [
 "glib",
 "gtk",
 "gtk-sys 0.3.4",
 "libappindicator-sys",
 "log 0.3.9",
]

[[package]]
name = "libappindicator-sys"
version = "0.1.2"
source = "registry+https://github.com/rust-lang/crates.io-index"
checksum = "e6016b893463bc9ac32e9ef2f07b4bc2cb3f2be83f9e76a529d008ce714c82dc"
dependencies = [
 "bindgen",
 "gtk-sys 0.4.0",
 "pkg-config",
]

[[package]]
name = "libc"
version = "0.2.70"
source = "registry+https://github.com/rust-lang/crates.io-index"
checksum = "3baa92041a6fec78c687fa0cc2b3fae8884f743d672cf551bed1d6dac6988d0f"

[[package]]
name = "libloading"
version = "0.3.4"
source = "registry+https://github.com/rust-lang/crates.io-index"
checksum = "0a020ac941774eb37e9d13d418c37b522e76899bfc4e7b1a600d529a53f83a66"
dependencies = [
 "kernel32-sys",
 "lazy_static 0.2.11",
 "target_build_utils",
 "winapi 0.2.8",
]

[[package]]
name = "log"
version = "0.3.9"
source = "registry+https://github.com/rust-lang/crates.io-index"
checksum = "e19e8d5c34a3e0e2223db8e060f9e8264aeeb5c5fc64a4ee9965c062211c024b"
dependencies = [
 "log 0.4.8",
]

[[package]]
name = "log"
version = "0.4.8"
source = "registry+https://github.com/rust-lang/crates.io-index"
checksum = "14b6052be84e6b71ab17edffc2eeabf5c2c3ae1fdb464aae35ac50c67a44e1f7"
dependencies = [
 "cfg-if",
]

[[package]]
name = "memchr"
version = "1.0.2"
source = "registry+https://github.com/rust-lang/crates.io-index"
checksum = "148fab2e51b4f1cfc66da2a7c32981d1d3c083a803978268bb11fe4b86925e7a"
dependencies = [
 "libc",
]

[[package]]
name = "memchr"
version = "2.3.3"
source = "registry+https://github.com/rust-lang/crates.io-index"
checksum = "3728d817d99e5ac407411fa471ff9800a778d88a24685968b36824eaf4bee400"

[[package]]
name = "monswitch"
version = "0.1.0"
dependencies = [
 "num-derive",
 "num-traits 0.2.11",
 "systray",
 "winapi 0.3.8",
]

[[package]]
name = "nom"
version = "3.2.1"
source = "registry+https://github.com/rust-lang/crates.io-index"
checksum = "05aec50c70fd288702bcd93284a8444607f3292dbdf2a30de5ea5dcdbe72287b"
dependencies = [
 "memchr 1.0.2",
]

[[package]]
name = "num-derive"
version = "0.3.0"
source = "registry+https://github.com/rust-lang/crates.io-index"
checksum = "0c8b15b261814f992e33760b1fca9fe8b693d8a65299f20c9901688636cfb746"
dependencies = [
 "proc-macro2",
 "quote",
 "syn",
]

[[package]]
name = "num-traits"
version = "0.1.43"
source = "registry+https://github.com/rust-lang/crates.io-index"
checksum = "92e5113e9fd4cc14ded8e499429f396a20f98c772a47cc8622a736e1ec843c31"
dependencies = [
 "num-traits 0.2.11",
]

[[package]]
name = "num-traits"
version = "0.2.11"
source = "registry+https://github.com/rust-lang/crates.io-index"
checksum = "c62be47e61d1842b9170f0fdeec8eba98e60e90e5446449a0545e5152acd7096"
dependencies = [
 "autocfg 1.0.0",
]

[[package]]
name = "pango"
version = "0.1.3"
source = "registry+https://github.com/rust-lang/crates.io-index"
checksum = "4215233226ff03c9a3ed7c85cbc3c58257203723e3a93d5a20ce3560f66261b7"
dependencies = [
 "bitflags 0.5.0",
 "glib",
 "libc",
 "pango-sys 0.3.4",
]

[[package]]
name = "pango-sys"
version = "0.3.4"
source = "registry+https://github.com/rust-lang/crates.io-index"
checksum = "e401ee469540e60a80d1df63dcea4e9c201115e79344b77529fa3705ea8eadcd"
dependencies = [
 "bitflags 0.8.2",
 "glib-sys 0.3.4",
 "gobject-sys 0.3.4",
 "libc",
 "pkg-config",
]

[[package]]
name = "pango-sys"
version = "0.4.0"
source = "registry+https://github.com/rust-lang/crates.io-index"
checksum = "e6ec8d90306b5ff43f5836f4363267ea95be02b3df71d2b31ba8fbb1680bdee1"
dependencies = [
 "bitflags 0.9.1",
 "glib-sys 0.4.0",
 "gobject-sys 0.4.0",
 "libc",
 "pkg-config",
]

[[package]]
name = "phf"
version = "0.7.24"
source = "registry+https://github.com/rust-lang/crates.io-index"
checksum = "b3da44b85f8e8dfaec21adae67f95d93244b2ecf6ad2a692320598dcc8e6dd18"
dependencies = [
 "phf_shared",
]

[[package]]
name = "phf_codegen"
version = "0.7.24"
source = "registry+https://github.com/rust-lang/crates.io-index"
checksum = "b03e85129e324ad4166b06b2c7491ae27fe3ec353af72e72cd1654c7225d517e"
dependencies = [
 "phf_generator",
 "phf_shared",
]

[[package]]
name = "phf_generator"
version = "0.7.24"
source = "registry+https://github.com/rust-lang/crates.io-index"
checksum = "09364cc93c159b8b06b1f4dd8a4398984503483891b0c26b867cf431fb132662"
dependencies = [
 "phf_shared",
 "rand",
]

[[package]]
name = "phf_shared"
version = "0.7.24"
source = "registry+https://github.com/rust-lang/crates.io-index"
checksum = "234f71a15de2288bcb7e3b6515828d22af7ec8598ee6d24c3b526fa0a80b67a0"
dependencies = [
 "siphasher",
]

[[package]]
name = "pkg-config"
version = "0.3.17"
source = "registry+https://github.com/rust-lang/crates.io-index"
checksum = "05da548ad6865900e60eaba7f589cc0783590a92e940c26953ff81ddbab2d677"

[[package]]
name = "proc-macro2"
version = "1.0.17"
source = "registry+https://github.com/rust-lang/crates.io-index"
checksum = "1502d12e458c49a4c9cbff560d0fe0060c252bc29799ed94ca2ed4bb665a0101"
dependencies = [
 "unicode-xid 0.2.0",
]

[[package]]
name = "quasi"
version = "0.29.0"
source = "registry+https://github.com/rust-lang/crates.io-index"
checksum = "dcbf815446dc6a0afbc72d88f9a8aa71b608d10b168e09437c80c0fd6fd410c9"
dependencies = [
 "syntex_errors",
 "syntex_syntax",
]

[[package]]
name = "quasi_codegen"
version = "0.29.0"
source = "registry+https://github.com/rust-lang/crates.io-index"
checksum = "b06172e92ab0099427609854ffb1512c377be5fc4beaf572ae5d5a01b8359596"
dependencies = [
 "aster",
 "syntex",
 "syntex_errors",
 "syntex_syntax",
]

[[package]]
name = "quote"
version = "1.0.6"
source = "registry+https://github.com/rust-lang/crates.io-index"
checksum = "54a21852a652ad6f610c9510194f398ff6f8692e334fd1145fed931f7fbe44ea"
dependencies = [
 "proc-macro2",
]

[[package]]
name = "rand"
version = "0.6.5"
source = "registry+https://github.com/rust-lang/crates.io-index"
checksum = "6d71dacdc3c88c1fde3885a3be3fbab9f35724e6ce99467f7d9c5026132184ca"
dependencies = [
 "autocfg 0.1.7",
 "libc",
 "rand_chacha",
 "rand_core 0.4.2",
 "rand_hc",
 "rand_isaac",
 "rand_jitter",
 "rand_os",
 "rand_pcg",
 "rand_xorshift",
 "winapi 0.3.8",
]

[[package]]
name = "rand_chacha"
version = "0.1.1"
source = "registry+https://github.com/rust-lang/crates.io-index"
checksum = "556d3a1ca6600bfcbab7c7c91ccb085ac7fbbcd70e008a98742e7847f4f7bcef"
dependencies = [
 "autocfg 0.1.7",
 "rand_core 0.3.1",
]

[[package]]
name = "rand_core"
version = "0.3.1"
source = "registry+https://github.com/rust-lang/crates.io-index"
checksum = "7a6fdeb83b075e8266dcc8762c22776f6877a63111121f5f8c7411e5be7eed4b"
dependencies = [
 "rand_core 0.4.2",
]

[[package]]
name = "rand_core"
version = "0.4.2"
source = "registry+https://github.com/rust-lang/crates.io-index"
checksum = "9c33a3c44ca05fa6f1807d8e6743f3824e8509beca625669633be0acbdf509dc"

[[package]]
name = "rand_hc"
version = "0.1.0"
source = "registry+https://github.com/rust-lang/crates.io-index"
checksum = "7b40677c7be09ae76218dc623efbf7b18e34bced3f38883af07bb75630a21bc4"
dependencies = [
 "rand_core 0.3.1",
]

[[package]]
name = "rand_isaac"
version = "0.1.1"
source = "registry+https://github.com/rust-lang/crates.io-index"
checksum = "ded997c9d5f13925be2a6fd7e66bf1872597f759fd9dd93513dd7e92e5a5ee08"
dependencies = [
 "rand_core 0.3.1",
]

[[package]]
name = "rand_jitter"
version = "0.1.4"
source = "registry+https://github.com/rust-lang/crates.io-index"
checksum = "1166d5c91dc97b88d1decc3285bb0a99ed84b05cfd0bc2341bdf2d43fc41e39b"
dependencies = [
 "libc",
 "rand_core 0.4.2",
 "winapi 0.3.8",
]

[[package]]
name = "rand_os"
version = "0.1.3"
source = "registry+https://github.com/rust-lang/crates.io-index"
checksum = "7b75f676a1e053fc562eafbb47838d67c84801e38fc1ba459e8f180deabd5071"
dependencies = [
 "cloudabi",
 "fuchsia-cprng",
 "libc",
 "rand_core 0.4.2",
 "rdrand",
 "winapi 0.3.8",
]

[[package]]
name = "rand_pcg"
version = "0.1.2"
source = "registry+https://github.com/rust-lang/crates.io-index"
checksum = "abf9b09b01790cfe0364f52bf32995ea3c39f4d2dd011eac241d2914146d0b44"
dependencies = [
 "autocfg 0.1.7",
 "rand_core 0.4.2",
]

[[package]]
name = "rand_xorshift"
version = "0.1.1"
source = "registry+https://github.com/rust-lang/crates.io-index"
checksum = "cbf7e9e623549b0e21f6e97cf8ecf247c1a8fd2e8a992ae265314300b2455d5c"
dependencies = [
 "rand_core 0.3.1",
]

[[package]]
name = "rdrand"
version = "0.4.0"
source = "registry+https://github.com/rust-lang/crates.io-index"
checksum = "678054eb77286b51581ba43620cc911abf02758c91f93f479767aed0f90458b2"
dependencies = [
 "rand_core 0.3.1",
]

[[package]]
name = "regex"
version = "0.2.11"
source = "registry+https://github.com/rust-lang/crates.io-index"
checksum = "9329abc99e39129fcceabd24cf5d85b4671ef7c29c50e972bc5afe32438ec384"
dependencies = [
 "aho-corasick",
 "memchr 2.3.3",
 "regex-syntax",
 "thread_local",
 "utf8-ranges",
]

[[package]]
name = "regex-syntax"
version = "0.5.6"
source = "registry+https://github.com/rust-lang/crates.io-index"
checksum = "7d707a4fa2637f2dca2ef9fd02225ec7661fe01a53623c1e6515b6916511f7a7"
dependencies = [
 "ucd-util",
]

[[package]]
name = "rustc-serialize"
version = "0.3.24"
source = "registry+https://github.com/rust-lang/crates.io-index"
checksum = "dcf128d1287d2ea9d80910b5f1120d0b8eede3fbf1abe91c40d39ea7d51e6fda"

[[package]]
name = "serde"
version = "0.9.15"
source = "registry+https://github.com/rust-lang/crates.io-index"
checksum = "34b623917345a631dc9608d5194cc206b3fe6c3554cd1c75b937e55e285254af"

[[package]]
name = "serde_json"
version = "0.9.10"
source = "registry+https://github.com/rust-lang/crates.io-index"
checksum = "ad8bcf487be7d2e15d3d543f04312de991d631cfe1b43ea0ade69e6a8a5b16a1"
dependencies = [
 "dtoa",
 "itoa",
 "num-traits 0.1.43",
 "serde",
]

[[package]]
name = "siphasher"
version = "0.2.3"
source = "registry+https://github.com/rust-lang/crates.io-index"
checksum = "0b8de496cf83d4ed58b6be86c3a275b8602f6ffe98d3024a869e124147a9a3ac"

[[package]]
name = "strsim"
version = "0.8.0"
source = "registry+https://github.com/rust-lang/crates.io-index"
checksum = "8ea5119cdb4c55b55d432abb513a0429384878c15dde60cc77b1c99de1a95a6a"

[[package]]
name = "syn"
version = "1.0.23"
source = "registry+https://github.com/rust-lang/crates.io-index"
checksum = "95b5f192649e48a5302a13f2feb224df883b98933222369e4b3b0fe2a5447269"
dependencies = [
 "proc-macro2",
 "quote",
 "unicode-xid 0.2.0",
]

[[package]]
name = "syntex"
version = "0.54.0"
source = "registry+https://github.com/rust-lang/crates.io-index"
checksum = "bb3f52553a966675982404dc34028291b347e0c9a9c0b0b34f2da6be8a0443f8"
dependencies = [
 "syntex_errors",
 "syntex_syntax",
]

[[package]]
name = "syntex_errors"
version = "0.54.0"
source = "registry+https://github.com/rust-lang/crates.io-index"
checksum = "dee2f6e49c075f71332bb775219d5982bee6732d26227fa1ae1b53cdb12f5cc5"
dependencies = [
 "libc",
 "log 0.3.9",
 "rustc-serialize",
 "syntex_pos",
 "term",
 "unicode-xid 0.0.4",
]

[[package]]
name = "syntex_pos"
version = "0.54.0"
source = "registry+https://github.com/rust-lang/crates.io-index"
checksum = "8df3921c7945dfb9ffc53aa35adb2cf4313b5ab5f079c3619b3d4eb82a0efc2b"
dependencies = [
 "rustc-serialize",
]

[[package]]
name = "syntex_syntax"
version = "0.54.0"
source = "registry+https://github.com/rust-lang/crates.io-index"
checksum = "dc960085bae44591e22d01f6c0e82a8aec832f8659aca556cdf8ecbdac2bb47b"
dependencies = [
 "bitflags 0.7.0",
 "libc",
 "log 0.3.9",
 "rustc-serialize",
 "syntex_errors",
 "syntex_pos",
 "term",
 "unicode-xid 0.0.4",
]

[[package]]
name = "systray"
version = "0.2.0"
source = "git+https://github.com/shayne/systray-rs#14963b8720ea83edf4b9fa606e1e26cc3837318c"
dependencies = [
 "glib",
 "gtk",
 "kernel32-sys",
 "libappindicator",
 "libc",
 "log 0.3.9",
 "user32-sys",
 "winapi 0.2.8",
]

[[package]]
name = "target_build_utils"
version = "0.3.1"
source = "registry+https://github.com/rust-lang/crates.io-index"
checksum = "013d134ae4a25ee744ad6129db589018558f620ddfa44043887cdd45fa08e75c"
dependencies = [
 "phf",
 "phf_codegen",
 "serde_json",
]

[[package]]
name = "term"
version = "0.4.6"
source = "registry+https://github.com/rust-lang/crates.io-index"
checksum = "fa63644f74ce96fbeb9b794f66aff2a52d601cbd5e80f4b97123e3899f4570f1"
dependencies = [
 "kernel32-sys",
 "winapi 0.2.8",
]

[[package]]
name = "textwrap"
version = "0.11.0"
source = "registry+https://github.com/rust-lang/crates.io-index"
checksum = "d326610f408c7a4eb6f51c37c330e496b08506c9457c9d34287ecc38809fb060"
dependencies = [
 "unicode-width",
]

[[package]]
name = "thread_local"
version = "0.3.6"
source = "registry+https://github.com/rust-lang/crates.io-index"
checksum = "c6b53e329000edc2b34dbe8545fd20e55a333362d0a321909685a19bd28c3f1b"
dependencies = [
 "lazy_static 1.4.0",
]

[[package]]
name = "ucd-util"
version = "0.1.8"
source = "registry+https://github.com/rust-lang/crates.io-index"
checksum = "c85f514e095d348c279b1e5cd76795082cf15bd59b93207832abe0b1d8fed236"

[[package]]
name = "unicode-width"
version = "0.1.7"
source = "registry+https://github.com/rust-lang/crates.io-index"
checksum = "caaa9d531767d1ff2150b9332433f32a24622147e5ebb1f26409d5da67afd479"

[[package]]
name = "unicode-xid"
version = "0.0.4"
source = "registry+https://github.com/rust-lang/crates.io-index"
checksum = "8c1f860d7d29cf02cb2f3f359fd35991af3d30bac52c57d265a3c461074cb4dc"

[[package]]
name = "unicode-xid"
version = "0.2.0"
source = "registry+https://github.com/rust-lang/crates.io-index"
checksum = "826e7639553986605ec5979c7dd957c7895e93eabed50ab2ffa7f6128a75097c"

[[package]]
name = "user32-sys"
version = "0.2.0"
source = "registry+https://github.com/rust-lang/crates.io-index"
checksum = "4ef4711d107b21b410a3a974b1204d9accc8b10dad75d8324b5d755de1617d47"
dependencies = [
 "winapi 0.2.8",
 "winapi-build",
]

[[package]]
name = "utf8-ranges"
version = "1.0.4"
source = "registry+https://github.com/rust-lang/crates.io-index"
checksum = "b4ae116fef2b7fea257ed6440d3cfcff7f190865f170cdad00bb6465bf18ecba"

[[package]]
name = "vec_map"
version = "0.8.2"
source = "registry+https://github.com/rust-lang/crates.io-index"
checksum = "f1bddf1187be692e79c5ffeab891132dfb0f236ed36a43c7ed39f1165ee20191"

[[package]]
name = "winapi"
version = "0.2.8"
source = "registry+https://github.com/rust-lang/crates.io-index"
checksum = "167dc9d6949a9b857f3451275e911c3f44255842c1f7a76f33c55103a909087a"

[[package]]
name = "winapi"
version = "0.3.8"
source = "registry+https://github.com/rust-lang/crates.io-index"
checksum = "8093091eeb260906a183e6ae1abdba2ef5ef2257a21801128899c3fc699229c6"
dependencies = [
 "winapi-i686-pc-windows-gnu",
 "winapi-x86_64-pc-windows-gnu",
]

[[package]]
name = "winapi-build"
version = "0.1.1"
source = "registry+https://github.com/rust-lang/crates.io-index"
checksum = "2d315eee3b34aca4797b2da6b13ed88266e6d612562a0c46390af8299fc699bc"

[[package]]
name = "winapi-i686-pc-windows-gnu"
version = "0.4.0"
source = "registry+https://github.com/rust-lang/crates.io-index"
checksum = "ac3b87c63620426dd9b991e5ce0329eff545bccbbb34f3be09ff6fb6ab51b7b6"

[[package]]
name = "winapi-x86_64-pc-windows-gnu"
version = "0.4.0"
source = "registry+https://github.com/rust-lang/crates.io-index"
checksum = "712e227841d057c1ee1cd2fb22fa7e5a5461ae8e48fa2ca79ec42cfc1931183f"
